// !$*UTF8*$!
{
	archiveVersion = 1;
	classes = {
	};
	objectVersion = 50;
	objects = {

/* Begin PBXBuildFile section */
		B387045423FB3C3A00044C73 /* AppDelegate.swift in Sources */ = {isa = PBXBuildFile; fileRef = B387045323FB3C3A00044C73 /* AppDelegate.swift */; };
		B387045623FB3C3A00044C73 /* SceneDelegate.swift in Sources */ = {isa = PBXBuildFile; fileRef = B387045523FB3C3A00044C73 /* SceneDelegate.swift */; };
		B387045823FB3C3A00044C73 /* ViewController.swift in Sources */ = {isa = PBXBuildFile; fileRef = B387045723FB3C3A00044C73 /* ViewController.swift */; };
		B387045B23FB3C3A00044C73 /* Main.storyboard in Resources */ = {isa = PBXBuildFile; fileRef = B387045923FB3C3A00044C73 /* Main.storyboard */; };
		B387045D23FB3C3C00044C73 /* Assets.xcassets in Resources */ = {isa = PBXBuildFile; fileRef = B387045C23FB3C3C00044C73 /* Assets.xcassets */; };
		B387046023FB3C3C00044C73 /* LaunchScreen.storyboard in Resources */ = {isa = PBXBuildFile; fileRef = B387045E23FB3C3C00044C73 /* LaunchScreen.storyboard */; };
		B387046B23FB3C3C00044C73 /* ParstagramTests.swift in Sources */ = {isa = PBXBuildFile; fileRef = B387046A23FB3C3C00044C73 /* ParstagramTests.swift */; };
		B387047623FB3C3C00044C73 /* ParstagramUITests.swift in Sources */ = {isa = PBXBuildFile; fileRef = B387047523FB3C3C00044C73 /* ParstagramUITests.swift */; };
/* End PBXBuildFile section */

/* Begin PBXContainerItemProxy section */
		B387046723FB3C3C00044C73 /* PBXContainerItemProxy */ = {
			isa = PBXContainerItemProxy;
			containerPortal = B387044823FB3C3A00044C73 /* Project object */;
			proxyType = 1;
			remoteGlobalIDString = B387044F23FB3C3A00044C73;
			remoteInfo = Parstagram;
		};
		B387047223FB3C3C00044C73 /* PBXContainerItemProxy */ = {
			isa = PBXContainerItemProxy;
			containerPortal = B387044823FB3C3A00044C73 /* Project object */;
			proxyType = 1;
			remoteGlobalIDString = B387044F23FB3C3A00044C73;
			remoteInfo = Parstagram;
		};
/* End PBXContainerItemProxy section */

/* Begin PBXFileReference section */
		B387045023FB3C3A00044C73 /* Parstagram.app */ = {isa = PBXFileReference; explicitFileType = wrapper.application; includeInIndex = 0; path = Parstagram.app; sourceTree = BUILT_PRODUCTS_DIR; };
		B387045323FB3C3A00044C73 /* AppDelegate.swift */ = {isa = PBXFileReference; lastKnownFileType = sourcecode.swift; path = AppDelegate.swift; sourceTree = "<group>"; };
		B387045523FB3C3A00044C73 /* SceneDelegate.swift */ = {isa = PBXFileReference; lastKnownFileType = sourcecode.swift; path = SceneDelegate.swift; sourceTree = "<group>"; };
		B387045723FB3C3A00044C73 /* ViewController.swift */ = {isa = PBXFileReference; lastKnownFileType = sourcecode.swift; path = ViewController.swift; sourceTree = "<group>"; };
		B387045A23FB3C3A00044C73 /* Base */ = {isa = PBXFileReference; lastKnownFileType = file.storyboard; name = Base; path = Base.lproj/Main.storyboard; sourceTree = "<group>"; };
		B387045C23FB3C3C00044C73 /* Assets.xcassets */ = {isa = PBXFileReference; lastKnownFileType = folder.assetcatalog; path = Assets.xcassets; sourceTree = "<group>"; };
		B387045F23FB3C3C00044C73 /* Base */ = {isa = PBXFileReference; lastKnownFileType = file.storyboard; name = Base; path = Base.lproj/LaunchScreen.storyboard; sourceTree = "<group>"; };
		B387046123FB3C3C00044C73 /* Info.plist */ = {isa = PBXFileReference; lastKnownFileType = text.plist.xml; path = Info.plist; sourceTree = "<group>"; };
		B387046623FB3C3C00044C73 /* ParstagramTests.xctest */ = {isa = PBXFileReference; explicitFileType = wrapper.cfbundle; includeInIndex = 0; path = ParstagramTests.xctest; sourceTree = BUILT_PRODUCTS_DIR; };
		B387046A23FB3C3C00044C73 /* ParstagramTests.swift */ = {isa = PBXFileReference; lastKnownFileType = sourcecode.swift; path = ParstagramTests.swift; sourceTree = "<group>"; };
		B387046C23FB3C3C00044C73 /* Info.plist */ = {isa = PBXFileReference; lastKnownFileType = text.plist.xml; path = Info.plist; sourceTree = "<group>"; };
		B387047123FB3C3C00044C73 /* ParstagramUITests.xctest */ = {isa = PBXFileReference; explicitFileType = wrapper.cfbundle; includeInIndex = 0; path = ParstagramUITests.xctest; sourceTree = BUILT_PRODUCTS_DIR; };
		B387047523FB3C3C00044C73 /* ParstagramUITests.swift */ = {isa = PBXFileReference; lastKnownFileType = sourcecode.swift; path = ParstagramUITests.swift; sourceTree = "<group>"; };
		B387047723FB3C3C00044C73 /* Info.plist */ = {isa = PBXFileReference; lastKnownFileType = text.plist.xml; path = Info.plist; sourceTree = "<group>"; };
/* End PBXFileReference section */

/* Begin PBXFrameworksBuildPhase section */
		B387044D23FB3C3A00044C73 /* Frameworks */ = {
			isa = PBXFrameworksBuildPhase;
			buildActionMask = 2147483647;
			files = (
			);
			runOnlyForDeploymentPostprocessing = 0;
		};
		B387046323FB3C3C00044C73 /* Frameworks */ = {
			isa = PBXFrameworksBuildPhase;
			buildActionMask = 2147483647;
			files = (
			);
			runOnlyForDeploymentPostprocessing = 0;
		};
		B387046E23FB3C3C00044C73 /* Frameworks */ = {
			isa = PBXFrameworksBuildPhase;
			buildActionMask = 2147483647;
			files = (
			);
			runOnlyForDeploymentPostprocessing = 0;
		};
/* End PBXFrameworksBuildPhase section */

/* Begin PBXGroup section */
		B387044723FB3C3A00044C73 = {
			isa = PBXGroup;
			children = (
				B387045223FB3C3A00044C73 /* Parstagram */,
				B387046923FB3C3C00044C73 /* ParstagramTests */,
				B387047423FB3C3C00044C73 /* ParstagramUITests */,
				B387045123FB3C3A00044C73 /* Products */,
			);
			sourceTree = "<group>";
		};
		B387045123FB3C3A00044C73 /* Products */ = {
			isa = PBXGroup;
			children = (
				B387045023FB3C3A00044C73 /* Parstagram.app */,
				B387046623FB3C3C00044C73 /* ParstagramTests.xctest */,
				B387047123FB3C3C00044C73 /* ParstagramUITests.xctest */,
			);
			name = Products;
			sourceTree = "<group>";
		};
		B387045223FB3C3A00044C73 /* Parstagram */ = {
			isa = PBXGroup;
			children = (
				B387045323FB3C3A00044C73 /* AppDelegate.swift */,
				B387045523FB3C3A00044C73 /* SceneDelegate.swift */,
				B387045723FB3C3A00044C73 /* ViewController.swift */,
				B387045923FB3C3A00044C73 /* Main.storyboard */,
				B387045C23FB3C3C00044C73 /* Assets.xcassets */,
				B387045E23FB3C3C00044C73 /* LaunchScreen.storyboard */,
				B387046123FB3C3C00044C73 /* Info.plist */,
			);
			path = Parstagram;
			sourceTree = "<group>";
		};
		B387046923FB3C3C00044C73 /* ParstagramTests */ = {
			isa = PBXGroup;
			children = (
				B387046A23FB3C3C00044C73 /* ParstagramTests.swift */,
				B387046C23FB3C3C00044C73 /* Info.plist */,
			);
			path = ParstagramTests;
			sourceTree = "<group>";
		};
		B387047423FB3C3C00044C73 /* ParstagramUITests */ = {
			isa = PBXGroup;
			children = (
				B387047523FB3C3C00044C73 /* ParstagramUITests.swift */,
				B387047723FB3C3C00044C73 /* Info.plist */,
			);
			path = ParstagramUITests;
			sourceTree = "<group>";
		};
/* End PBXGroup section */

/* Begin PBXNativeTarget section */
		B387044F23FB3C3A00044C73 /* Parstagram */ = {
			isa = PBXNativeTarget;
			buildConfigurationList = B387047A23FB3C3C00044C73 /* Build configuration list for PBXNativeTarget "Parstagram" */;
			buildPhases = (
				B387044C23FB3C3A00044C73 /* Sources */,
				B387044D23FB3C3A00044C73 /* Frameworks */,
				B387044E23FB3C3A00044C73 /* Resources */,
			);
			buildRules = (
			);
			dependencies = (
			);
			name = Parstagram;
			productName = Parstagram;
			productReference = B387045023FB3C3A00044C73 /* Parstagram.app */;
			productType = "com.apple.product-type.application";
		};
		B387046523FB3C3C00044C73 /* ParstagramTests */ = {
			isa = PBXNativeTarget;
			buildConfigurationList = B387047D23FB3C3C00044C73 /* Build configuration list for PBXNativeTarget "ParstagramTests" */;
			buildPhases = (
				B387046223FB3C3C00044C73 /* Sources */,
				B387046323FB3C3C00044C73 /* Frameworks */,
				B387046423FB3C3C00044C73 /* Resources */,
			);
			buildRules = (
			);
			dependencies = (
				B387046823FB3C3C00044C73 /* PBXTargetDependency */,
			);
			name = ParstagramTests;
			productName = ParstagramTests;
			productReference = B387046623FB3C3C00044C73 /* ParstagramTests.xctest */;
			productType = "com.apple.product-type.bundle.unit-test";
		};
		B387047023FB3C3C00044C73 /* ParstagramUITests */ = {
			isa = PBXNativeTarget;
			buildConfigurationList = B387048023FB3C3C00044C73 /* Build configuration list for PBXNativeTarget "ParstagramUITests" */;
			buildPhases = (
				B387046D23FB3C3C00044C73 /* Sources */,
				B387046E23FB3C3C00044C73 /* Frameworks */,
				B387046F23FB3C3C00044C73 /* Resources */,
			);
			buildRules = (
			);
			dependencies = (
				B387047323FB3C3C00044C73 /* PBXTargetDependency */,
			);
			name = ParstagramUITests;
			productName = ParstagramUITests;
			productReference = B387047123FB3C3C00044C73 /* ParstagramUITests.xctest */;
			productType = "com.apple.product-type.bundle.ui-testing";
		};
/* End PBXNativeTarget section */

/* Begin PBXProject section */
		B387044823FB3C3A00044C73 /* Project object */ = {
			isa = PBXProject;
			attributes = {
				LastSwiftUpdateCheck = 1130;
				LastUpgradeCheck = 1130;
				ORGANIZATIONNAME = NDNU;
				TargetAttributes = {
					B387044F23FB3C3A00044C73 = {
						CreatedOnToolsVersion = 11.3.1;
					};
					B387046523FB3C3C00044C73 = {
						CreatedOnToolsVersion = 11.3.1;
						TestTargetID = B387044F23FB3C3A00044C73;
					};
					B387047023FB3C3C00044C73 = {
						CreatedOnToolsVersion = 11.3.1;
						TestTargetID = B387044F23FB3C3A00044C73;
					};
				};
			};
			buildConfigurationList = B387044B23FB3C3A00044C73 /* Build configuration list for PBXProject "Parstagram" */;
			compatibilityVersion = "Xcode 9.3";
			developmentRegion = en;
			hasScannedForEncodings = 0;
			knownRegions = (
				en,
				Base,
			);
			mainGroup = B387044723FB3C3A00044C73;
			productRefGroup = B387045123FB3C3A00044C73 /* Products */;
			projectDirPath = "";
			projectRoot = "";
			targets = (
				B387044F23FB3C3A00044C73 /* Parstagram */,
				B387046523FB3C3C00044C73 /* ParstagramTests */,
				B387047023FB3C3C00044C73 /* ParstagramUITests */,
			);
		};
/* End PBXProject section */

/* Begin PBXResourcesBuildPhase section */
		B387044E23FB3C3A00044C73 /* Resources */ = {
			isa = PBXResourcesBuildPhase;
			buildActionMask = 2147483647;
			files = (
				B387046023FB3C3C00044C73 /* LaunchScreen.storyboard in Resources */,
				B387045D23FB3C3C00044C73 /* Assets.xcassets in Resources */,
				B387045B23FB3C3A00044C73 /* Main.storyboard in Resources */,
			);
			runOnlyForDeploymentPostprocessing = 0;
		};
		B387046423FB3C3C00044C73 /* Resources */ = {
			isa = PBXResourcesBuildPhase;
			buildActionMask = 2147483647;
			files = (
			);
			runOnlyForDeploymentPostprocessing = 0;
		};
		B387046F23FB3C3C00044C73 /* Resources */ = {
			isa = PBXResourcesBuildPhase;
			buildActionMask = 2147483647;
			files = (
			);
			runOnlyForDeploymentPostprocessing = 0;
		};
/* End PBXResourcesBuildPhase section */

/* Begin PBXSourcesBuildPhase section */
		B387044C23FB3C3A00044C73 /* Sources */ = {
			isa = PBXSourcesBuildPhase;
			buildActionMask = 2147483647;
			files = (
				B387045823FB3C3A00044C73 /* ViewController.swift in Sources */,
				B387045423FB3C3A00044C73 /* AppDelegate.swift in Sources */,
				B387045623FB3C3A00044C73 /* SceneDelegate.swift in Sources */,
			);
			runOnlyForDeploymentPostprocessing = 0;
		};
		B387046223FB3C3C00044C73 /* Sources */ = {
			isa = PBXSourcesBuildPhase;
			buildActionMask = 2147483647;
			files = (
				B387046B23FB3C3C00044C73 /* ParstagramTests.swift in Sources */,
			);
			runOnlyForDeploymentPostprocessing = 0;
		};
		B387046D23FB3C3C00044C73 /* Sources */ = {
			isa = PBXSourcesBuildPhase;
			buildActionMask = 2147483647;
			files = (
				B387047623FB3C3C00044C73 /* ParstagramUITests.swift in Sources */,
			);
			runOnlyForDeploymentPostprocessing = 0;
		};
/* End PBXSourcesBuildPhase section */

/* Begin PBXTargetDependency section */
		B387046823FB3C3C00044C73 /* PBXTargetDependency */ = {
			isa = PBXTargetDependency;
			target = B387044F23FB3C3A00044C73 /* Parstagram */;
			targetProxy = B387046723FB3C3C00044C73 /* PBXContainerItemProxy */;
		};
		B387047323FB3C3C00044C73 /* PBXTargetDependency */ = {
			isa = PBXTargetDependency;
			target = B387044F23FB3C3A00044C73 /* Parstagram */;
			targetProxy = B387047223FB3C3C00044C73 /* PBXContainerItemProxy */;
		};
/* End PBXTargetDependency section */

/* Begin PBXVariantGroup section */
		B387045923FB3C3A00044C73 /* Main.storyboard */ = {
			isa = PBXVariantGroup;
			children = (
				B387045A23FB3C3A00044C73 /* Base */,
			);
			name = Main.storyboard;
			sourceTree = "<group>";
		};
		B387045E23FB3C3C00044C73 /* LaunchScreen.storyboard */ = {
			isa = PBXVariantGroup;
			children = (
				B387045F23FB3C3C00044C73 /* Base */,
			);
			name = LaunchScreen.storyboard;
			sourceTree = "<group>";
		};
/* End PBXVariantGroup section */

/* Begin XCBuildConfiguration section */
		B387047823FB3C3C00044C73 /* Debug */ = {
			isa = XCBuildConfiguration;
			buildSettings = {
				ALWAYS_SEARCH_USER_PATHS = NO;
				CLANG_ANALYZER_NONNULL = YES;
				CLANG_ANALYZER_NUMBER_OBJECT_CONVERSION = YES_AGGRESSIVE;
				CLANG_CXX_LANGUAGE_STANDARD = "gnu++14";
				CLANG_CXX_LIBRARY = "libc++";
				CLANG_ENABLE_MODULES = YES;
				CLANG_ENABLE_OBJC_ARC = YES;
				CLANG_ENABLE_OBJC_WEAK = YES;
				CLANG_WARN_BLOCK_CAPTURE_AUTORELEASING = YES;
				CLANG_WARN_BOOL_CONVERSION = YES;
				CLANG_WARN_COMMA = YES;
				CLANG_WARN_CONSTANT_CONVERSION = YES;
				CLANG_WARN_DEPRECATED_OBJC_IMPLEMENTATIONS = YES;
				CLANG_WARN_DIRECT_OBJC_ISA_USAGE = YES_ERROR;
				CLANG_WARN_DOCUMENTATION_COMMENTS = YES;
				CLANG_WARN_EMPTY_BODY = YES;
				CLANG_WARN_ENUM_CONVERSION = YES;
				CLANG_WARN_INFINITE_RECURSION = YES;
				CLANG_WARN_INT_CONVERSION = YES;
				CLANG_WARN_NON_LITERAL_NULL_CONVERSION = YES;
				CLANG_WARN_OBJC_IMPLICIT_RETAIN_SELF = YES;
				CLANG_WARN_OBJC_LITERAL_CONVERSION = YES;
				CLANG_WARN_OBJC_ROOT_CLASS = YES_ERROR;
				CLANG_WARN_RANGE_LOOP_ANALYSIS = YES;
				CLANG_WARN_STRICT_PROTOTYPES = YES;
				CLANG_WARN_SUSPICIOUS_MOVE = YES;
				CLANG_WARN_UNGUARDED_AVAILABILITY = YES_AGGRESSIVE;
				CLANG_WARN_UNREACHABLE_CODE = YES;
				CLANG_WARN__DUPLICATE_METHOD_MATCH = YES;
				COPY_PHASE_STRIP = NO;
				DEBUG_INFORMATION_FORMAT = dwarf;
				ENABLE_STRICT_OBJC_MSGSEND = YES;
				ENABLE_TESTABILITY = YES;
				GCC_C_LANGUAGE_STANDARD = gnu11;
				GCC_DYNAMIC_NO_PIC = NO;
				GCC_NO_COMMON_BLOCKS = YES;
				GCC_OPTIMIZATION_LEVEL = 0;
				GCC_PREPROCESSOR_DEFINITIONS = (
					"DEBUG=1",
					"$(inherited)",
				);
				GCC_WARN_64_TO_32_BIT_CONVERSION = YES;
				GCC_WARN_ABOUT_RETURN_TYPE = YES_ERROR;
				GCC_WARN_UNDECLARED_SELECTOR = YES;
				GCC_WARN_UNINITIALIZED_AUTOS = YES_AGGRESSIVE;
				GCC_WARN_UNUSED_FUNCTION = YES;
				GCC_WARN_UNUSED_VARIABLE = YES;
				IPHONEOS_DEPLOYMENT_TARGET = 13.2;
				MTL_ENABLE_DEBUG_INFO = INCLUDE_SOURCE;
				MTL_FAST_MATH = YES;
				ONLY_ACTIVE_ARCH = YES;
				SDKROOT = iphoneos;
				SWIFT_ACTIVE_COMPILATION_CONDITIONS = DEBUG;
				SWIFT_OPTIMIZATION_LEVEL = "-Onone";
			};
			name = Debug;
		};
		B387047923FB3C3C00044C73 /* Release */ = {
			isa = XCBuildConfiguration;
			buildSettings = {
				ALWAYS_SEARCH_USER_PATHS = NO;
				CLANG_ANALYZER_NONNULL = YES;
				CLANG_ANALYZER_NUMBER_OBJECT_CONVERSION = YES_AGGRESSIVE;
				CLANG_CXX_LANGUAGE_STANDARD = "gnu++14";
				CLANG_CXX_LIBRARY = "libc++";
				CLANG_ENABLE_MODULES = YES;
				CLANG_ENABLE_OBJC_ARC = YES;
				CLANG_ENABLE_OBJC_WEAK = YES;
				CLANG_WARN_BLOCK_CAPTURE_AUTORELEASING = YES;
				CLANG_WARN_BOOL_CONVERSION = YES;
				CLANG_WARN_COMMA = YES;
				CLANG_WARN_CONSTANT_CONVERSION = YES;
				CLANG_WARN_DEPRECATED_OBJC_IMPLEMENTATIONS = YES;
				CLANG_WARN_DIRECT_OBJC_ISA_USAGE = YES_ERROR;
				CLANG_WARN_DOCUMENTATION_COMMENTS = YES;
				CLANG_WARN_EMPTY_BODY = YES;
				CLANG_WARN_ENUM_CONVERSION = YES;
				CLANG_WARN_INFINITE_RECURSION = YES;
				CLANG_WARN_INT_CONVERSION = YES;
				CLANG_WARN_NON_LITERAL_NULL_CONVERSION = YES;
				CLANG_WARN_OBJC_IMPLICIT_RETAIN_SELF = YES;
				CLANG_WARN_OBJC_LITERAL_CONVERSION = YES;
				CLANG_WARN_OBJC_ROOT_CLASS = YES_ERROR;
				CLANG_WARN_RANGE_LOOP_ANALYSIS = YES;
				CLANG_WARN_STRICT_PROTOTYPES = YES;
				CLANG_WARN_SUSPICIOUS_MOVE = YES;
				CLANG_WARN_UNGUARDED_AVAILABILITY = YES_AGGRESSIVE;
				CLANG_WARN_UNREACHABLE_CODE = YES;
				CLANG_WARN__DUPLICATE_METHOD_MATCH = YES;
				COPY_PHASE_STRIP = NO;
				DEBUG_INFORMATION_FORMAT = "dwarf-with-dsym";
				ENABLE_NS_ASSERTIONS = NO;
				ENABLE_STRICT_OBJC_MSGSEND = YES;
				GCC_C_LANGUAGE_STANDARD = gnu11;
				GCC_NO_COMMON_BLOCKS = YES;
				GCC_WARN_64_TO_32_BIT_CONVERSION = YES;
				GCC_WARN_ABOUT_RETURN_TYPE = YES_ERROR;
				GCC_WARN_UNDECLARED_SELECTOR = YES;
				GCC_WARN_UNINITIALIZED_AUTOS = YES_AGGRESSIVE;
				GCC_WARN_UNUSED_FUNCTION = YES;
				GCC_WARN_UNUSED_VARIABLE = YES;
				IPHONEOS_DEPLOYMENT_TARGET = 13.2;
				MTL_ENABLE_DEBUG_INFO = NO;
				MTL_FAST_MATH = YES;
				SDKROOT = iphoneos;
				SWIFT_COMPILATION_MODE = wholemodule;
				SWIFT_OPTIMIZATION_LEVEL = "-O";
				VALIDATE_PRODUCT = YES;
			};
			name = Release;
		};
		B387047B23FB3C3C00044C73 /* Debug */ = {
			isa = XCBuildConfiguration;
			buildSettings = {
				ASSETCATALOG_COMPILER_APPICON_NAME = AppIcon;
				CODE_SIGN_STYLE = Automatic;
				INFOPLIST_FILE = Parstagram/Info.plist;
				LD_RUNPATH_SEARCH_PATHS = (
					"$(inherited)",
					"@executable_path/Frameworks",
				);
				PRODUCT_BUNDLE_IDENTIFIER = "Leo-Samuelson.Parstagram";
				PRODUCT_NAME = "$(TARGET_NAME)";
				SWIFT_VERSION = 5.0;
				TARGETED_DEVICE_FAMILY = "1,2";
			};
			name = Debug;
		};
		B387047C23FB3C3C00044C73 /* Release */ = {
			isa = XCBuildConfiguration;
			buildSettings = {
				ASSETCATALOG_COMPILER_APPICON_NAME = AppIcon;
				CODE_SIGN_STYLE = Automatic;
				INFOPLIST_FILE = Parstagram/Info.plist;
				LD_RUNPATH_SEARCH_PATHS = (
					"$(inherited)",
					"@executable_path/Frameworks",
				);
				PRODUCT_BUNDLE_IDENTIFIER = "Leo-Samuelson.Parstagram";
				PRODUCT_NAME = "$(TARGET_NAME)";
				SWIFT_VERSION = 5.0;
				TARGETED_DEVICE_FAMILY = "1,2";
			};
			name = Release;
		};
		B387047E23FB3C3C00044C73 /* Debug */ = {
			isa = XCBuildConfiguration;
			buildSettings = {
				ALWAYS_EMBED_SWIFT_STANDARD_LIBRARIES = YES;
				BUNDLE_LOADER = "$(TEST_HOST)";
				CODE_SIGN_STYLE = Automatic;
				INFOPLIST_FILE = ParstagramTests/Info.plist;
				IPHONEOS_DEPLOYMENT_TARGET = 13.2;
				LD_RUNPATH_SEARCH_PATHS = (
					"$(inherited)",
					"@executable_path/Frameworks",
					"@loader_path/Frameworks",
				);
				PRODUCT_BUNDLE_IDENTIFIER = "Leo-Samuelson.ParstagramTests";
				PRODUCT_NAME = "$(TARGET_NAME)";
				SWIFT_VERSION = 5.0;
				TARGETED_DEVICE_FAMILY = "1,2";
				TEST_HOST = "$(BUILT_PRODUCTS_DIR)/Parstagram.app/Parstagram";
			};
			name = Debug;
		};
		B387047F23FB3C3C00044C73 /* Release */ = {
			isa = XCBuildConfiguration;
			buildSettings = {
				ALWAYS_EMBED_SWIFT_STANDARD_LIBRARIES = YES;
				BUNDLE_LOADER = "$(TEST_HOST)";
				CODE_SIGN_STYLE = Automatic;
				INFOPLIST_FILE = ParstagramTests/Info.plist;
				IPHONEOS_DEPLOYMENT_TARGET = 13.2;
				LD_RUNPATH_SEARCH_PATHS = (
					"$(inherited)",
					"@executable_path/Frameworks",
					"@loader_path/Frameworks",
				);
				PRODUCT_BUNDLE_IDENTIFIER = "Leo-Samuelson.ParstagramTests";
				PRODUCT_NAME = "$(TARGET_NAME)";
				SWIFT_VERSION = 5.0;
				TARGETED_DEVICE_FAMILY = "1,2";
				TEST_HOST = "$(BUILT_PRODUCTS_DIR)/Parstagram.app/Parstagram";
			};
			name = Release;
		};
		B387048123FB3C3C00044C73 /* Debug */ = {
			isa = XCBuildConfiguration;
			buildSettings = {
				ALWAYS_EMBED_SWIFT_STANDARD_LIBRARIES = YES;
				CODE_SIGN_STYLE = Automatic;
				INFOPLIST_FILE = ParstagramUITests/Info.plist;
				LD_RUNPATH_SEARCH_PATHS = (
					"$(inherited)",
					"@executable_path/Frameworks",
					"@loader_path/Frameworks",
				);
				PRODUCT_BUNDLE_IDENTIFIER = "Leo-Samuelson.ParstagramUITests";
				PRODUCT_NAME = "$(TARGET_NAME)";
				SWIFT_VERSION = 5.0;
				TARGETED_DEVICE_FAMILY = "1,2";
				TEST_TARGET_NAME = Parstagram;
			};
			name = Debug;
		};
		B387048223FB3C3C00044C73 /* Release */ = {
			isa = XCBuildConfiguration;
			buildSettings = {
				ALWAYS_EMBED_SWIFT_STANDARD_LIBRARIES = YES;
				CODE_SIGN_STYLE = Automatic;
				INFOPLIST_FILE = ParstagramUITests/Info.plist;
				LD_RUNPATH_SEARCH_PATHS = (
					"$(inherited)",
					"@executable_path/Frameworks",
					"@loader_path/Frameworks",
				);
				PRODUCT_BUNDLE_IDENTIFIER = "Leo-Samuelson.ParstagramUITests";
				PRODUCT_NAME = "$(TARGET_NAME)";
				SWIFT_VERSION = 5.0;
				TARGETED_DEVICE_FAMILY = "1,2";
				TEST_TARGET_NAME = Parstagram;
			};
			name = Release;
		};
/* End XCBuildConfiguration section */

/* Begin XCConfigurationList section */
		B387044B23FB3C3A00044C73 /* Build configuration list for PBXProject "Parstagram" */ = {
			isa = XCConfigurationList;
			buildConfigurations = (
				B387047823FB3C3C00044C73 /* Debug */,
				B387047923FB3C3C00044C73 /* Release */,
			);
			defaultConfigurationIsVisible = 0;
			defaultConfigurationName = Release;
		};
		B387047A23FB3C3C00044C73 /* Build configuration list for PBXNativeTarget "Parstagram" */ = {
			isa = XCConfigurationList;
			buildConfigurations = (
				B387047B23FB3C3C00044C73 /* Debug */,
				B387047C23FB3C3C00044C73 /* Release */,
			);
			defaultConfigurationIsVisible = 0;
			defaultConfigurationName = Release;
		};
		B387047D23FB3C3C00044C73 /* Build configuration list for PBXNativeTarget "ParstagramTests" */ = {
			isa = XCConfigurationList;
			buildConfigurations = (
				B387047E23FB3C3C00044C73 /* Debug */,
				B387047F23FB3C3C00044C73 /* Release */,
			);
			defaultConfigurationIsVisible = 0;
			defaultConfigurationName = Release;
		};
		B387048023FB3C3C00044C73 /* Build configuration list for PBXNativeTarget "ParstagramUITests" */ = {
			isa = XCConfigurationList;
			buildConfigurations = (
				B387048123FB3C3C00044C73 /* Debug */,
				B387048223FB3C3C00044C73 /* Release */,
			);
			defaultConfigurationIsVisible = 0;
			defaultConfigurationName = Release;
		};
/* End XCConfigurationList section */
	};
	rootObject = B387044823FB3C3A00044C73 /* Project object */;
}
